{
  "nodes": {
    "nixpkgs": {
      "locked": {
        "lastModified": 1744961343,
        "narHash": "sha256-Zg9w9Alpn0ieTkYXL0g2ReBk+emBldhmrjpUoOz5NPI=",
        "owner": "NixOS",
        "repo": "nixpkgs",
        "rev": "42c77ca0e2767c2f46af0d3bc07b488df9cd5f56",
        "type": "github"
      },
      "original": {
        "owner": "NixOS",
        "repo": "nixpkgs",
        "type": "github"
      }
    },
    "root": {
      "inputs": {
        "nixpkgs": "nixpkgs"
      }
    }
  },
  "root": "root",
  "version": 7
}
